// !$*UTF8*$!
{
	archiveVersion = 1;
	classes = {
	};
	objectVersion = 46;
	objects = {

/* Begin PBXBuildFile section */
		C2CC02281FAD10C300868612 /* search.c in Sources */ = {isa = PBXBuildFile; fileRef = C2CC021D1FAD10C300868612 /* search.c */; };
		C2CC02291FAD10C300868612 /* facecube.c in Sources */ = {isa = PBXBuildFile; fileRef = C2CC02201FAD10C300868612 /* facecube.c */; };
		C2CC022A1FAD10C300868612 /* cubiecube.c in Sources */ = {isa = PBXBuildFile; fileRef = C2CC02231FAD10C300868612 /* cubiecube.c */; };
		C2CC022B1FAD10C300868612 /* coordcube.c in Sources */ = {isa = PBXBuildFile; fileRef = C2CC02261FAD10C300868612 /* coordcube.c */; };
		C2F0ECF81FACFB4000103D69 /* main.cpp in Sources */ = {isa = PBXBuildFile; fileRef = C2F0ECF71FACFB4000103D69 /* main.cpp */; };
/* End PBXBuildFile section */

/* Begin PBXCopyFilesBuildPhase section */
		C2F0ECF21FACFB4000103D69 /* CopyFiles */ = {
			isa = PBXCopyFilesBuildPhase;
			buildActionMask = 2147483647;
			dstPath = /usr/share/man/man1/;
			dstSubfolderSpec = 0;
			files = (
			);
			runOnlyForDeploymentPostprocessing = 1;
		};
/* End PBXCopyFilesBuildPhase section */

/* Begin PBXFileReference section */
		C2CC021C1FAD10C300868612 /* search.h */ = {isa = PBXFileReference; fileEncoding = 4; lastKnownFileType = sourcecode.c.h; path = search.h; sourceTree = "<group>"; };
		C2CC021D1FAD10C300868612 /* search.c */ = {isa = PBXFileReference; fileEncoding = 4; lastKnownFileType = sourcecode.c.c; path = search.c; sourceTree = "<group>"; };
		C2CC021E1FAD10C300868612 /* facelet.h */ = {isa = PBXFileReference; fileEncoding = 4; lastKnownFileType = sourcecode.c.h; path = facelet.h; sourceTree = "<group>"; };
		C2CC021F1FAD10C300868612 /* facecube.h */ = {isa = PBXFileReference; fileEncoding = 4; lastKnownFileType = sourcecode.c.h; path = facecube.h; sourceTree = "<group>"; };
		C2CC02201FAD10C300868612 /* facecube.c */ = {isa = PBXFileReference; fileEncoding = 4; lastKnownFileType = sourcecode.c.c; path = facecube.c; sourceTree = "<group>"; };
		C2CC02211FAD10C300868612 /* edge.h */ = {isa = PBXFileReference; fileEncoding = 4; lastKnownFileType = sourcecode.c.h; path = edge.h; sourceTree = "<group>"; };
		C2CC02221FAD10C300868612 /* cubiecube.h */ = {isa = PBXFileReference; fileEncoding = 4; lastKnownFileType = sourcecode.c.h; path = cubiecube.h; sourceTree = "<group>"; };
		C2CC02231FAD10C300868612 /* cubiecube.c */ = {isa = PBXFileReference; fileEncoding = 4; lastKnownFileType = sourcecode.c.c; path = cubiecube.c; sourceTree = "<group>"; };
		C2CC02241FAD10C300868612 /* corner.h */ = {isa = PBXFileReference; fileEncoding = 4; lastKnownFileType = sourcecode.c.h; path = corner.h; sourceTree = "<group>"; };
		C2CC02251FAD10C300868612 /* coordcube.h */ = {isa = PBXFileReference; fileEncoding = 4; lastKnownFileType = sourcecode.c.h; path = coordcube.h; sourceTree = "<group>"; };
		C2CC02261FAD10C300868612 /* coordcube.c */ = {isa = PBXFileReference; fileEncoding = 4; lastKnownFileType = sourcecode.c.c; path = coordcube.c; sourceTree = "<group>"; };
		C2CC02271FAD10C300868612 /* color.h */ = {isa = PBXFileReference; fileEncoding = 4; lastKnownFileType = sourcecode.c.h; path = color.h; sourceTree = "<group>"; };
		C2F0ECF41FACFB4000103D69 /* RubicCube */ = {isa = PBXFileReference; explicitFileType = "compiled.mach-o.executable"; includeInIndex = 0; path = RubicCube; sourceTree = BUILT_PRODUCTS_DIR; };
		C2F0ECF71FACFB4000103D69 /* main.cpp */ = {isa = PBXFileReference; lastKnownFileType = sourcecode.cpp.cpp; path = main.cpp; sourceTree = "<group>"; };
/* End PBXFileReference section */

/* Begin PBXFrameworksBuildPhase section */
		C2F0ECF11FACFB4000103D69 /* Frameworks */ = {
			isa = PBXFrameworksBuildPhase;
			buildActionMask = 2147483647;
			files = (
			);
			runOnlyForDeploymentPostprocessing = 0;
		};
/* End PBXFrameworksBuildPhase section */

/* Begin PBXGroup section */
		C2F0ECEB1FACFB4000103D69 = {
			isa = PBXGroup;
			children = (
				C2F0ECF61FACFB4000103D69 /* RubicCube */,
				C2F0ECF51FACFB4000103D69 /* Products */,
			);
			sourceTree = "<group>";
		};
		C2F0ECF51FACFB4000103D69 /* Products */ = {
			isa = PBXGroup;
			children = (
				C2F0ECF41FACFB4000103D69 /* RubicCube */,
			);
			name = Products;
			sourceTree = "<group>";
		};
		C2F0ECF61FACFB4000103D69 /* RubicCube */ = {
			isa = PBXGroup;
			children = (
				C2CC021C1FAD10C300868612 /* search.h */,
				C2CC021D1FAD10C300868612 /* search.c */,
				C2CC021E1FAD10C300868612 /* facelet.h */,
				C2CC021F1FAD10C300868612 /* facecube.h */,
				C2CC02201FAD10C300868612 /* facecube.c */,
				C2CC02211FAD10C300868612 /* edge.h */,
				C2CC02221FAD10C300868612 /* cubiecube.h */,
				C2CC02231FAD10C300868612 /* cubiecube.c */,
				C2CC02241FAD10C300868612 /* corner.h */,
				C2CC02251FAD10C300868612 /* coordcube.h */,
				C2CC02261FAD10C300868612 /* coordcube.c */,
				C2CC02271FAD10C300868612 /* color.h */,
				C2F0ECF71FACFB4000103D69 /* main.cpp */,
			);
			path = RubicCube;
			sourceTree = "<group>";
		};
/* End PBXGroup section */

/* Begin PBXNativeTarget section */
		C2F0ECF31FACFB4000103D69 /* RubicCube */ = {
			isa = PBXNativeTarget;
			buildConfigurationList = C2F0ECFB1FACFB4000103D69 /* Build configuration list for PBXNativeTarget "RubicCube" */;
			buildPhases = (
				C2F0ECF01FACFB4000103D69 /* Sources */,
				C2F0ECF11FACFB4000103D69 /* Frameworks */,
				C2F0ECF21FACFB4000103D69 /* CopyFiles */,
			);
			buildRules = (
			);
			dependencies = (
			);
			name = RubicCube;
			productName = RubicCube;
			productReference = C2F0ECF41FACFB4000103D69 /* RubicCube */;
			productType = "com.apple.product-type.tool";
		};
/* End PBXNativeTarget section */

/* Begin PBXProject section */
		C2F0ECEC1FACFB4000103D69 /* Project object */ = {
			isa = PBXProject;
			attributes = {
				LastUpgradeCheck = 0830;
				ORGANIZATIONNAME = Wojciech;
				TargetAttributes = {
					C2F0ECF31FACFB4000103D69 = {
						CreatedOnToolsVersion = 8.3.3;
						ProvisioningStyle = Automatic;
					};
				};
			};
			buildConfigurationList = C2F0ECEF1FACFB4000103D69 /* Build configuration list for PBXProject "RubicCube" */;
			compatibilityVersion = "Xcode 3.2";
			developmentRegion = English;
			hasScannedForEncodings = 0;
			knownRegions = (
				en,
			);
			mainGroup = C2F0ECEB1FACFB4000103D69;
			productRefGroup = C2F0ECF51FACFB4000103D69 /* Products */;
			projectDirPath = "";
			projectRoot = "";
			targets = (
				C2F0ECF31FACFB4000103D69 /* RubicCube */,
			);
		};
/* End PBXProject section */

/* Begin PBXSourcesBuildPhase section */
		C2F0ECF01FACFB4000103D69 /* Sources */ = {
			isa = PBXSourcesBuildPhase;
			buildActionMask = 2147483647;
			files = (
				C2F0ECF81FACFB4000103D69 /* main.cpp in Sources */,
				C2CC022B1FAD10C300868612 /* coordcube.c in Sources */,
				C2CC02291FAD10C300868612 /* facecube.c in Sources */,
				C2CC02281FAD10C300868612 /* search.c in Sources */,
				C2CC022A1FAD10C300868612 /* cubiecube.c in Sources */,
			);
			runOnlyForDeploymentPostprocessing = 0;
		};
/* End PBXSourcesBuildPhase section */

/* Begin XCBuildConfiguration section */
		C2F0ECF91FACFB4000103D69 /* Debug */ = {
			isa = XCBuildConfiguration;
			buildSettings = {
				ALWAYS_SEARCH_USER_PATHS = NO;
				CLANG_ANALYZER_NONNULL = YES;
				CLANG_ANALYZER_NUMBER_OBJECT_CONVERSION = YES_AGGRESSIVE;
				CLANG_CXX_LANGUAGE_STANDARD = "gnu++0x";
				CLANG_CXX_LIBRARY = "libc++";
				CLANG_ENABLE_MODULES = YES;
				CLANG_ENABLE_OBJC_ARC = YES;
				CLANG_WARN_BOOL_CONVERSION = YES;
				CLANG_WARN_CONSTANT_CONVERSION = YES;
				CLANG_WARN_DIRECT_OBJC_ISA_USAGE = YES_ERROR;
				CLANG_WARN_DOCUMENTATION_COMMENTS = YES;
				CLANG_WARN_EMPTY_BODY = YES;
				CLANG_WARN_ENUM_CONVERSION = YES;
				CLANG_WARN_INFINITE_RECURSION = YES;
				CLANG_WARN_INT_CONVERSION = YES;
				CLANG_WARN_OBJC_ROOT_CLASS = YES_ERROR;
				CLANG_WARN_SUSPICIOUS_MOVE = YES;
				CLANG_WARN_UNREACHABLE_CODE = YES;
				CLANG_WARN__DUPLICATE_METHOD_MATCH = YES;
				CODE_SIGN_IDENTITY = "-";
				COPY_PHASE_STRIP = NO;
				DEBUG_INFORMATION_FORMAT = dwarf;
				ENABLE_STRICT_OBJC_MSGSEND = YES;
				ENABLE_TESTABILITY = YES;
				GCC_C_LANGUAGE_STANDARD = gnu99;
				GCC_DYNAMIC_NO_PIC = NO;
				GCC_NO_COMMON_BLOCKS = YES;
				GCC_OPTIMIZATION_LEVEL = 0;
				GCC_PREPROCESSOR_DEFINITIONS = (
					"DEBUG=1",
					"$(inherited)",
				);
				GCC_WARN_64_TO_32_BIT_CONVERSION = YES;
				GCC_WARN_ABOUT_RETURN_TYPE = YES_ERROR;
				GCC_WARN_UNDECLARED_SELECTOR = YES;
				GCC_WARN_UNINITIALIZED_AUTOS = YES_AGGRESSIVE;
				GCC_WARN_UNUSED_FUNCTION = YES;
				GCC_WARN_UNUSED_VARIABLE = YES;
				MACOSX_DEPLOYMENT_TARGET = 10.12;
				MTL_ENABLE_DEBUG_INFO = YES;
				ONLY_ACTIVE_ARCH = YES;
				SDKROOT = macosx;
			};
			name = Debug;
		};
		C2F0ECFA1FACFB4000103D69 /* Release */ = {
			isa = XCBuildConfiguration;
			buildSettings = {
				ALWAYS_SEARCH_USER_PATHS = NO;
				CLANG_ANALYZER_NONNULL = YES;
				CLANG_ANALYZER_NUMBER_OBJECT_CONVERSION = YES_AGGRESSIVE;
				CLANG_CXX_LANGUAGE_STANDARD = "gnu++0x";
				CLANG_CXX_LIBRARY = "libc++";
				CLANG_ENABLE_MODULES = YES;
				CLANG_ENABLE_OBJC_ARC = YES;
				CLANG_WARN_BOOL_CONVERSION = YES;
				CLANG_WARN_CONSTANT_CONVERSION = YES;
				CLANG_WARN_DIRECT_OBJC_ISA_USAGE = YES_ERROR;
				CLANG_WARN_DOCUMENTATION_COMMENTS = YES;
				CLANG_WARN_EMPTY_BODY = YES;
				CLANG_WARN_ENUM_CONVERSION = YES;
				CLANG_WARN_INFINITE_RECURSION = YES;
				CLANG_WARN_INT_CONVERSION = YES;
				CLANG_WARN_OBJC_ROOT_CLASS = YES_ERROR;
				CLANG_WARN_SUSPICIOUS_MOVE = YES;
				CLANG_WARN_UNREACHABLE_CODE = YES;
				CLANG_WARN__DUPLICATE_METHOD_MATCH = YES;
				CODE_SIGN_IDENTITY = "-";
				COPY_PHASE_STRIP = NO;
				DEBUG_INFORMATION_FORMAT = "dwarf-with-dsym";
				ENABLE_NS_ASSERTIONS = NO;
				ENABLE_STRICT_OBJC_MSGSEND = YES;
				GCC_C_LANGUAGE_STANDARD = gnu99;
				GCC_NO_COMMON_BLOCKS = YES;
				GCC_WARN_64_TO_32_BIT_CONVERSION = YES;
				GCC_WARN_ABOUT_RETURN_TYPE = YES_ERROR;
				GCC_WARN_UNDECLARED_SELECTOR = YES;
				GCC_WARN_UNINITIALIZED_AUTOS = YES_AGGRESSIVE;
				GCC_WARN_UNUSED_FUNCTION = YES;
				GCC_WARN_UNUSED_VARIABLE = YES;
				MACOSX_DEPLOYMENT_TARGET = 10.12;
				MTL_ENABLE_DEBUG_INFO = NO;
				SDKROOT = macosx;
			};
			name = Release;
		};
		C2F0ECFC1FACFB4000103D69 /* Debug */ = {
			isa = XCBuildConfiguration;
			buildSettings = {
				CLANG_CXX_LIBRARY = "libc++";
				HEADER_SEARCH_PATHS = /usr/local/include;
				LIBRARY_SEARCH_PATHS = /usr/local/lib;
				OTHER_LDFLAGS = (
					"-lopencv_stitching",
					"-lopencv_superres",
					"-lopencv_videostab",
					"-lopencv_photo",
					"-lopencv_aruco",
					"-lopencv_bgsegm",
					"-lopencv_bioinspired",
					"-lopencv_ccalib",
					"-lopencv_dpm",
					"-lopencv_face",
					"-lopencv_fuzzy",
					"-lopencv_img_hash",
					"-lopencv_line_descriptor",
					"-lopencv_optflow",
					"-lopencv_reg",
					"-lopencv_rgbd",
					"-lopencv_saliency",
					"-lopencv_stereo",
					"-lopencv_structured_light",
					"-lopencv_phase_unwrapping",
					"-lopencv_surface_matching",
					"-lopencv_tracking",
					"-lopencv_datasets",
					"-lopencv_text",
					"-lopencv_dnn",
					"-lopencv_plot",
					"-lopencv_ml",
					"-lopencv_xfeatures2d",
					"-lopencv_shape",
					"-lopencv_video",
					"-lopencv_ximgproc",
					"-lopencv_calib3d",
					"-lopencv_features2d",
					"-lopencv_highgui",
					"-lopencv_videoio",
					"-lopencv_flann",
					"-lopencv_xobjdetect",
					"-lopencv_imgcodecs",
					"-lopencv_objdetect",
					"-lopencv_xphoto",
					"-lopencv_imgproc",
					"-lopencv_core",
				);
				PRODUCT_NAME = "$(TARGET_NAME)";
				VALID_ARCHS = "i386 x86_64";
			};
			name = Debug;
		};
		C2F0ECFD1FACFB4000103D69 /* Release */ = {
			isa = XCBuildConfiguration;
			buildSettings = {
				CLANG_CXX_LIBRARY = "libc++";
				HEADER_SEARCH_PATHS = /usr/local/include;
				LIBRARY_SEARCH_PATHS = /usr/local/lib;
				OTHER_LDFLAGS = (
					"-lopencv_stitching",
					"-lopencv_superres",
					"-lopencv_videostab",
					"-lopencv_photo",
					"-lopencv_aruco",
					"-lopencv_bgsegm",
					"-lopencv_bioinspired",
					"-lopencv_ccalib",
					"-lopencv_dpm",
					"-lopencv_face",
					"-lopencv_fuzzy",
					"-lopencv_img_hash",
					"-lopencv_line_descriptor",
					"-lopencv_optflow",
					"-lopencv_reg",
					"-lopencv_rgbd",
					"-lopencv_saliency",
					"-lopencv_stereo",
					"-lopencv_structured_light",
					"-lopencv_phase_unwrapping",
					"-lopencv_surface_matching",
					"-lopencv_tracking",
					"-lopencv_datasets",
					"-lopencv_text",
					"-lopencv_dnn",
					"-lopencv_plot",
					"-lopencv_ml",
					"-lopencv_xfeatures2d",
					"-lopencv_shape",
					"-lopencv_video",
					"-lopencv_ximgproc",
					"-lopencv_calib3d",
					"-lopencv_features2d",
					"-lopencv_highgui",
					"-lopencv_videoio",
					"-lopencv_flann",
					"-lopencv_xobjdetect",
					"-lopencv_imgcodecs",
					"-lopencv_objdetect",
					"-lopencv_xphoto",
					"-lopencv_imgproc",
					"-lopencv_core",
				);
				PRODUCT_NAME = "$(TARGET_NAME)";
				VALID_ARCHS = "i386 x86_64";
			};
			name = Release;
		};
/* End XCBuildConfiguration section */

/* Begin XCConfigurationList section */
		C2F0ECEF1FACFB4000103D69 /* Build configuration list for PBXProject "RubicCube" */ = {
			isa = XCConfigurationList;
			buildConfigurations = (
				C2F0ECF91FACFB4000103D69 /* Debug */,
				C2F0ECFA1FACFB4000103D69 /* Release */,
			);
			defaultConfigurationIsVisible = 0;
			defaultConfigurationName = Release;
		};
		C2F0ECFB1FACFB4000103D69 /* Build configuration list for PBXNativeTarget "RubicCube" */ = {
			isa = XCConfigurationList;
			buildConfigurations = (
				C2F0ECFC1FACFB4000103D69 /* Debug */,
				C2F0ECFD1FACFB4000103D69 /* Release */,
			);
			defaultConfigurationIsVisible = 0;
			defaultConfigurationName = Release;
		};
/* End XCConfigurationList section */
	};
	rootObject = C2F0ECEC1FACFB4000103D69 /* Project object */;
}
